
Microsoft Visual Studio Solution File, Format Version 12.00
# Visual Studio Version 16
VisualStudioVersion = 16.0.31424.327
MinimumVisualStudioVersion = 10.0.40219.1
Project("{FAE04EC0-301F-11D3-BF4B-00C04F79EFBC}") = "JobServiceDemo", "JobServiceDemo\JobServiceDemo.csproj", "{B393EC2E-977C-4033-BEA0-281650E48449}"
EndProject
Global
	GlobalSection(SolutionConfigurationPlatforms) = preSolution
		Debug|Any CPU = Debug|Any CPU
		Release|Any CPU = Release|Any CPU
	EndGlobalSection
	GlobalSection(ProjectConfigurationPlatforms) = postSolution
		{B393EC2E-977C-4033-BEA0-281650E48449}.Debug|Any CPU.ActiveCfg = Debug|Any CPU
		{B393EC2E-977C-4033-BEA0-281650E48449}.Debug|Any CPU.Build.0 = Debug|Any CPU
		{B393EC2E-977C-4033-BEA0-281650E48449}.Release|Any CPU.ActiveCfg = Release|Any CPU
		{B393EC2E-977C-4033-BEA0-281650E48449}.Release|Any CPU.Build.0 = Release|Any CPU
	EndGlobalSection
	GlobalSection(SolutionProperties) = preSolution
		HideSolutionNode = FALSE
	EndGlobalSection
	GlobalSection(ExtensibilityGlobals) = postSolution
		SolutionGuid = {84E9DB50-5272-49D9-AB6B-476ACE406F7C}
	EndGlobalSection
EndGlobal
